
Microsoft Visual Studio Solution File, Format Version 11.00
# Visual Studio 2010
Project("{8BC9CEB8-8B4A-11D0-8D11-00A0C91BC942}") = "appz", "appz\appz.vcxproj", "{D2632EF8-08F1-434C-A5EB-5944A6F5692F}"
	ProjectSection(ProjectDependencies) = postProject
		{CDCB4F18-F293-4F3E-825E-031C656D5F6B} = {CDCB4F18-F293-4F3E-825E-031C656D5F6B}
		{010C0C3A-CF26-4B60-B562-38654622455E} = {010C0C3A-CF26-4B60-B562-38654622455E}
		{5542AF3A-EF95-47DD-A8E1-0C85277CC0CB} = {5542AF3A-EF95-47DD-A8E1-0C85277CC0CB}
		{95EAF54E-40B8-4724-A959-A402E8C34D7C} = {95EAF54E-40B8-4724-A959-A402E8C34D7C}
		{E8970069-C54D-4F31-95EF-9AE0FB441894} = {E8970069-C54D-4F31-95EF-9AE0FB441894}
		{9E7415A0-614D-40B3-A317-0772339099B3} = {9E7415A0-614D-40B3-A317-0772339099B3}
	EndProjectSection
EndProject
Project("{8BC9CEB8-8B4A-11D0-8D11-00A0C91BC942}") = "scrubs", "nyeh\nyeh.vcxproj", "{010C0C3A-CF26-4B60-B562-38654622455E}"
EndProject
Project("{8BC9CEB8-8B4A-11D0-8D11-00A0C91BC942}") = "Animations", "Animations\Animations.vcxproj", "{CDCB4F18-F293-4F3E-825E-031C656D5F6B}"
	ProjectSection(ProjectDependencies) = postProject
		{010C0C3A-CF26-4B60-B562-38654622455E} = {010C0C3A-CF26-4B60-B562-38654622455E}
		{9E7415A0-614D-40B3-A317-0772339099B3} = {9E7415A0-614D-40B3-A317-0772339099B3}
	EndProjectSection
EndProject
Project("{8BC9CEB8-8B4A-11D0-8D11-00A0C91BC942}") = "AI", "AI\AI.vcxproj", "{E8970069-C54D-4F31-95EF-9AE0FB441894}"
	ProjectSection(ProjectDependencies) = postProject
		{010C0C3A-CF26-4B60-B562-38654622455E} = {010C0C3A-CF26-4B60-B562-38654622455E}
		{5542AF3A-EF95-47DD-A8E1-0C85277CC0CB} = {5542AF3A-EF95-47DD-A8E1-0C85277CC0CB}
		{95EAF54E-40B8-4724-A959-A402E8C34D7C} = {95EAF54E-40B8-4724-A959-A402E8C34D7C}
	EndProjectSection
EndProject
Project("{8BC9CEB8-8B4A-11D0-8D11-00A0C91BC942}") = "Events", "Events\Events.vcxproj", "{5542AF3A-EF95-47DD-A8E1-0C85277CC0CB}"
	ProjectSection(ProjectDependencies) = postProject
		{010C0C3A-CF26-4B60-B562-38654622455E} = {010C0C3A-CF26-4B60-B562-38654622455E}
		{95EAF54E-40B8-4724-A959-A402E8C34D7C} = {95EAF54E-40B8-4724-A959-A402E8C34D7C}
	EndProjectSection
EndProject
Project("{8BC9CEB8-8B4A-11D0-8D11-00A0C91BC942}") = "Physics", "Physics\Physics.vcxproj", "{9E7415A0-614D-40B3-A317-0772339099B3}"
	ProjectSection(ProjectDependencies) = postProject
		{010C0C3A-CF26-4B60-B562-38654622455E} = {010C0C3A-CF26-4B60-B562-38654622455E}
	EndProjectSection
EndProject
Project("{8BC9CEB8-8B4A-11D0-8D11-00A0C91BC942}") = "GameObjects", "GameObjects\GameObjects.vcxproj", "{95EAF54E-40B8-4724-A959-A402E8C34D7C}"
	ProjectSection(ProjectDependencies) = postProject
		{CDCB4F18-F293-4F3E-825E-031C656D5F6B} = {CDCB4F18-F293-4F3E-825E-031C656D5F6B}
		{010C0C3A-CF26-4B60-B562-38654622455E} = {010C0C3A-CF26-4B60-B562-38654622455E}
	EndProjectSection
EndProject
Global
	GlobalSection(SolutionConfigurationPlatforms) = preSolution
		Debug|Win32 = Debug|Win32
		Release|Win32 = Release|Win32
	EndGlobalSection
	GlobalSection(ProjectConfigurationPlatforms) = postSolution
		{D2632EF8-08F1-434C-A5EB-5944A6F5692F}.Debug|Win32.ActiveCfg = Debug|Win32
		{D2632EF8-08F1-434C-A5EB-5944A6F5692F}.Debug|Win32.Build.0 = Debug|Win32
		{D2632EF8-08F1-434C-A5EB-5944A6F5692F}.Release|Win32.ActiveCfg = Release|Win32
		{D2632EF8-08F1-434C-A5EB-5944A6F5692F}.Release|Win32.Build.0 = Release|Win32
		{010C0C3A-CF26-4B60-B562-38654622455E}.Debug|Win32.ActiveCfg = Debug|Win32
		{010C0C3A-CF26-4B60-B562-38654622455E}.Debug|Win32.Build.0 = Debug|Win32
		{010C0C3A-CF26-4B60-B562-38654622455E}.Release|Win32.ActiveCfg = Release|Win32
		{010C0C3A-CF26-4B60-B562-38654622455E}.Release|Win32.Build.0 = Release|Win32
		{CDCB4F18-F293-4F3E-825E-031C656D5F6B}.Debug|Win32.ActiveCfg = Debug|Win32
		{CDCB4F18-F293-4F3E-825E-031C656D5F6B}.Debug|Win32.Build.0 = Debug|Win32
		{CDCB4F18-F293-4F3E-825E-031C656D5F6B}.Release|Win32.ActiveCfg = Release|Win32
		{CDCB4F18-F293-4F3E-825E-031C656D5F6B}.Release|Win32.Build.0 = Release|Win32
		{E8970069-C54D-4F31-95EF-9AE0FB441894}.Debug|Win32.ActiveCfg = Debug|Win32
		{E8970069-C54D-4F31-95EF-9AE0FB441894}.Debug|Win32.Build.0 = Debug|Win32
		{E8970069-C54D-4F31-95EF-9AE0FB441894}.Release|Win32.ActiveCfg = Release|Win32
		{E8970069-C54D-4F31-95EF-9AE0FB441894}.Release|Win32.Build.0 = Release|Win32
		{5542AF3A-EF95-47DD-A8E1-0C85277CC0CB}.Debug|Win32.ActiveCfg = Debug|Win32
		{5542AF3A-EF95-47DD-A8E1-0C85277CC0CB}.Debug|Win32.Build.0 = Debug|Win32
		{5542AF3A-EF95-47DD-A8E1-0C85277CC0CB}.Release|Win32.ActiveCfg = Release|Win32
		{5542AF3A-EF95-47DD-A8E1-0C85277CC0CB}.Release|Win32.Build.0 = Release|Win32
		{9E7415A0-614D-40B3-A317-0772339099B3}.Debug|Win32.ActiveCfg = Debug|Win32
		{9E7415A0-614D-40B3-A317-0772339099B3}.Debug|Win32.Build.0 = Debug|Win32
		{9E7415A0-614D-40B3-A317-0772339099B3}.Release|Win32.ActiveCfg = Release|Win32
		{9E7415A0-614D-40B3-A317-0772339099B3}.Release|Win32.Build.0 = Release|Win32
		{95EAF54E-40B8-4724-A959-A402E8C34D7C}.Debug|Win32.ActiveCfg = Debug|Win32
		{95EAF54E-40B8-4724-A959-A402E8C34D7C}.Debug|Win32.Build.0 = Debug|Win32
		{95EAF54E-40B8-4724-A959-A402E8C34D7C}.Release|Win32.ActiveCfg = Release|Win32
		{95EAF54E-40B8-4724-A959-A402E8C34D7C}.Release|Win32.Build.0 = Release|Win32
	EndGlobalSection
	GlobalSection(SolutionProperties) = preSolution
		HideSolutionNode = FALSE
	EndGlobalSection
EndGlobal
