<?xml version="1.0" encoding="utf-8"?>
<Project ToolsVersion="4.0" xmlns="http://schemas.microsoft.com/developer/msbuild/2003">
  <ItemGroup>
    <Filter Include="Source Files">
      <UniqueIdentifier>{4FC737F1-C7A5-4376-A066-2A32D752A2FF}</UniqueIdentifier>
      <Extensions>cpp;c;cc;cxx;def;odl;idl;hpj;bat;asm;asmx</Extensions>
    </Filter>
    <Filter Include="Header Files">
      <UniqueIdentifier>{93995380-89BD-4b04-88EB-625FBE52EBFB}</UniqueIdentifier>
      <Extensions>h;hpp;hxx;hm;inl;inc;xsd</Extensions>
    </Filter>
    <Filter Include="Header Files\Controller">
      <UniqueIdentifier>{af74079b-5c1b-4ae0-87c3-1932d2585a9c}</UniqueIdentifier>
    </Filter>
    <Filter Include="Header Files\UI">
      <UniqueIdentifier>{9de9d0de-696f-4149-973f-33a74513be07}</UniqueIdentifier>
    </Filter>
    <Filter Include="Source Files\UI">
      <UniqueIdentifier>{876aaabc-15b1-43ff-a5b6-88d74399ca0d}</UniqueIdentifier>
    </Filter>
    <Filter Include="Header Files\UI Elements">
      <UniqueIdentifier>{d0828b41-f40e-4cb6-beba-22e7ef32bff5}</UniqueIdentifier>
    </Filter>
    <Filter Include="Source Files\UI Elements">
      <UniqueIdentifier>{23f3b7e9-e06b-44d2-af14-84a2e4edf0ed}</UniqueIdentifier>
    </Filter>
    <Filter Include="Source Files\Controllers">
      <UniqueIdentifier>{a4964801-b17a-43fa-93ec-9929d9ff2916}</UniqueIdentifier>
    </Filter>
    <Filter Include="Header Files\Factory">
      <UniqueIdentifier>{daee3c9f-97c2-4da8-8ae2-5dee3f0776e7}</UniqueIdentifier>
    </Filter>
    <Filter Include="Source Files\Factory">
      <UniqueIdentifier>{dd65a9e7-a608-4109-9496-019646ae45bd}</UniqueIdentifier>
    </Filter>
    <Filter Include="Source Files\UIData">
      <UniqueIdentifier>{88b63bec-6a76-46c7-bd26-e004181c11f3}</UniqueIdentifier>
    </Filter>
    <Filter Include="Header Files\UIData">
      <UniqueIdentifier>{0215cc1e-8a62-4264-b1af-84efd18b01b9}</UniqueIdentifier>
    </Filter>
    <Filter Include="Header Files\Displays">
      <UniqueIdentifier>{8b5f1c62-cc65-4539-a27a-199d55a6f37c}</UniqueIdentifier>
    </Filter>
    <Filter Include="Source Files\Displays">
      <UniqueIdentifier>{5a3ddbb3-9b10-4341-8636-1473d6443622}</UniqueIdentifier>
    </Filter>
  </ItemGroup>
  <ItemGroup>
    <ClInclude Include="Source\Mouse.h">
      <Filter>Header Files\Controller</Filter>
    </ClInclude>
    <ClInclude Include="Source\Keyboard.h">
      <Filter>Header Files\Controller</Filter>
    </ClInclude>
    <ClInclude Include="Source\UI.h">
      <Filter>Header Files\UI</Filter>
    </ClInclude>
    <ClInclude Include="Source\UIElement.h">
      <Filter>Header Files\UI Elements</Filter>
    </ClInclude>
    <ClInclude Include="Source\FirstPersonMouse.h">
      <Filter>Header Files\Controller</Filter>
    </ClInclude>
    <ClInclude Include="Source\UIKey.h">
      <Filter>Header Files\Controller</Filter>
    </ClInclude>
    <ClInclude Include="Source\UIKeyHold.h">
      <Filter>Header Files\Controller</Filter>
    </ClInclude>
    <ClInclude Include="Source\UIKeyPress.h">
      <Filter>Header Files\Controller</Filter>
    </ClInclude>
    <ClInclude Include="Source\UIElementFactory.h">
      <Filter>Header Files\Factory</Filter>
    </ClInclude>
    <ClInclude Include="Source\UIData.h">
      <Filter>Header Files\UIData</Filter>
    </ClInclude>
    <ClInclude Include="Source\CharData.h">
      <Filter>Header Files\UIData</Filter>
    </ClInclude>
    <ClInclude Include="Source\DoubleData.h">
      <Filter>Header Files\UIData</Filter>
    </ClInclude>
    <ClInclude Include="Source\FloatData.h">
      <Filter>Header Files\UIData</Filter>
    </ClInclude>
    <ClInclude Include="Source\IntData.h">
      <Filter>Header Files\UIData</Filter>
    </ClInclude>
    <ClInclude Include="Source\StringData.h">
      <Filter>Header Files\UIData</Filter>
    </ClInclude>
    <ClInclude Include="Source\UnsignedData.h">
      <Filter>Header Files\UIData</Filter>
    </ClInclude>
    <ClInclude Include="Source\UIDataClient.h">
      <Filter>Header Files\UIData</Filter>
    </ClInclude>
    <ClInclude Include="Source\VectorData.h">
      <Filter>Header Files\UIData</Filter>
    </ClInclude>
    <ClInclude Include="Source\UIButton.h">
      <Filter>Header Files\UI Elements</Filter>
    </ClInclude>
    <ClInclude Include="Source\UIDisplays.h">
      <Filter>Header Files\Displays</Filter>
    </ClInclude>
    <ClInclude Include="Source\UIText.h">
      <Filter>Header Files\Displays</Filter>
    </ClInclude>
    <ClInclude Include="Source\UIMesh.h">
      <Filter>Header Files\Displays</Filter>
    </ClInclude>
    <ClInclude Include="Source\UIImage.h">
      <Filter>Header Files\Displays</Filter>
    </ClInclude>
    <ClInclude Include="Source\UIDisplaysFactory.h">
      <Filter>Header Files\Factory</Filter>
    </ClInclude>
    <ClInclude Include="Source\TransitionButton.h">
      <Filter>Header Files\UI Elements</Filter>
    </ClInclude>
  </ItemGroup>
  <ItemGroup>
    <ClCompile Include="Source\Mouse.cpp">
      <Filter>Source Files\Controllers</Filter>
    </ClCompile>
    <ClCompile Include="Source\Keyboard.cpp">
      <Filter>Source Files\Controllers</Filter>
    </ClCompile>
    <ClCompile Include="Source\UI.cpp">
      <Filter>Source Files\UI</Filter>
    </ClCompile>
    <ClCompile Include="Source\UIElement.cpp">
      <Filter>Source Files\UI Elements</Filter>
    </ClCompile>
    <ClCompile Include="Source\FirstPersonMouse.cpp">
      <Filter>Source Files\Controllers</Filter>
    </ClCompile>
    <ClCompile Include="Source\UIKeyHold.cpp">
      <Filter>Source Files\Controllers</Filter>
    </ClCompile>
    <ClCompile Include="Source\UIKeyPress.cpp">
      <Filter>Source Files\Controllers</Filter>
    </ClCompile>
    <ClCompile Include="Source\UIKey.cpp">
      <Filter>Source Files\Controllers</Filter>
    </ClCompile>
    <ClCompile Include="Source\UIElementFactory.cpp">
      <Filter>Source Files\Factory</Filter>
    </ClCompile>
    <ClCompile Include="Source\UIData.cpp">
      <Filter>Source Files\UIData</Filter>
    </ClCompile>
    <ClCompile Include="Source\CharData.cpp">
      <Filter>Source Files\UIData</Filter>
    </ClCompile>
    <ClCompile Include="Source\DoubleData.cpp">
      <Filter>Source Files\UIData</Filter>
    </ClCompile>
    <ClCompile Include="Source\FloatData.cpp">
      <Filter>Source Files\UIData</Filter>
    </ClCompile>
    <ClCompile Include="Source\StringData.cpp">
      <Filter>Source Files\UIData</Filter>
    </ClCompile>
    <ClCompile Include="Source\IntData.cpp">
      <Filter>Source Files\UIData</Filter>
    </ClCompile>
    <ClCompile Include="Source\UnsignedData.cpp">
      <Filter>Source Files\UIData</Filter>
    </ClCompile>
    <ClCompile Include="Source\UIDataClient.cpp">
      <Filter>Source Files\UIData</Filter>
    </ClCompile>
    <ClCompile Include="Source\VectorData.cpp">
      <Filter>Source Files\UIData</Filter>
    </ClCompile>
    <ClCompile Include="Source\UIButton.cpp">
      <Filter>Source Files\UI Elements</Filter>
    </ClCompile>
    <ClCompile Include="Source\UIDisplays.cpp">
      <Filter>Source Files\Displays</Filter>
    </ClCompile>
    <ClCompile Include="Source\UIText.cpp">
      <Filter>Source Files\Displays</Filter>
    </ClCompile>
    <ClCompile Include="Source\UIImage.cpp">
      <Filter>Source Files\Displays</Filter>
    </ClCompile>
    <ClCompile Include="Source\UIMesh.cpp">
      <Filter>Source Files\Displays</Filter>
    </ClCompile>
    <ClCompile Include="Source\UIDisplaysFactory.cpp">
      <Filter>Source Files\Factory</Filter>
    </ClCompile>
    <ClCompile Include="Source\TransitionButton.cpp">
      <Filter>Source Files\UI Elements</Filter>
    </ClCompile>
  </ItemGroup>
</Project>